
Microsoft Visual Studio Solution File, Format Version 12.00
# Visual Studio Version 16
VisualStudioVersion = 16.0.30621.155
MinimumVisualStudioVersion = 10.0.40219.1
Project("{9A19103F-16F7-4668-BE54-9A1E7A4F7556}") = "StreamWebPage", "StreamWebPage.csproj", "{48E590D0-3C2E-47DE-A9CC-BFF57F4345F2}"
EndProject
Global
	GlobalSection(SolutionConfigurationPlatforms) = preSolution
		Debug|Any CPU = Debug|Any CPU
		Release|Any CPU = Release|Any CPU
	EndGlobalSection
	GlobalSection(ProjectConfigurationPlatforms) = postSolution
		{48E590D0-3C2E-47DE-A9CC-BFF57F4345F2}.Debug|Any CPU.ActiveCfg = Debug|Any CPU
		{48E590D0-3C2E-47DE-A9CC-BFF57F4345F2}.Debug|Any CPU.Build.0 = Debug|Any CPU
		{48E590D0-3C2E-47DE-A9CC-BFF57F4345F2}.Release|Any CPU.ActiveCfg = Release|Any CPU
		{48E590D0-3C2E-47DE-A9CC-BFF57F4345F2}.Release|Any CPU.Build.0 = Release|Any CPU
	EndGlobalSection
	GlobalSection(SolutionProperties) = preSolution
		HideSolutionNode = FALSE
	EndGlobalSection
	GlobalSection(ExtensibilityGlobals) = postSolution
		SolutionGuid = {2AFDD851-6CDF-453E-9ABA-3BEE34ED97C3}
	EndGlobalSection
EndGlobal
